
Microsoft Visual Studio Solution File, Format Version 12.00
# Visual Studio Version 16
VisualStudioVersion = 16.0.29709.97
MinimumVisualStudioVersion = 10.0.40219.1
Project("{FAE04EC0-301F-11D3-BF4B-00C04F79EFBC}") = "Game1", "Game1\Game1.csproj", "{7ACCFE5B-93FC-4B13-A8FB-A1C7C3E85A3E}"
EndProject
Project("{FAE04EC0-301F-11D3-BF4B-00C04F79EFBC}") = "FormsAssignment1", "..\FormsAssignment1\FormsAssignment1\FormsAssignment1.csproj", "{C6B37193-8266-4BC5-890D-0BF3DDE9400B}"
EndProject
Global
	GlobalSection(SolutionConfigurationPlatforms) = preSolution
		Debug|Any CPU = Debug|Any CPU
		Debug|x86 = Debug|x86
		Release|Any CPU = Release|Any CPU
		Release|x86 = Release|x86
	EndGlobalSection
	GlobalSection(ProjectConfigurationPlatforms) = postSolution
		{7ACCFE5B-93FC-4B13-A8FB-A1C7C3E85A3E}.Debug|Any CPU.ActiveCfg = Debug|x86
		{7ACCFE5B-93FC-4B13-A8FB-A1C7C3E85A3E}.Debug|x86.ActiveCfg = Debug|x86
		{7ACCFE5B-93FC-4B13-A8FB-A1C7C3E85A3E}.Debug|x86.Build.0 = Debug|x86
		{7ACCFE5B-93FC-4B13-A8FB-A1C7C3E85A3E}.Release|Any CPU.ActiveCfg = Release|x86
		{7ACCFE5B-93FC-4B13-A8FB-A1C7C3E85A3E}.Release|x86.ActiveCfg = Release|x86
		{7ACCFE5B-93FC-4B13-A8FB-A1C7C3E85A3E}.Release|x86.Build.0 = Release|x86
		{C6B37193-8266-4BC5-890D-0BF3DDE9400B}.Debug|Any CPU.ActiveCfg = Debug|Any CPU
		{C6B37193-8266-4BC5-890D-0BF3DDE9400B}.Debug|Any CPU.Build.0 = Debug|Any CPU
		{C6B37193-8266-4BC5-890D-0BF3DDE9400B}.Debug|x86.ActiveCfg = Debug|Any CPU
		{C6B37193-8266-4BC5-890D-0BF3DDE9400B}.Debug|x86.Build.0 = Debug|Any CPU
		{C6B37193-8266-4BC5-890D-0BF3DDE9400B}.Release|Any CPU.ActiveCfg = Release|Any CPU
		{C6B37193-8266-4BC5-890D-0BF3DDE9400B}.Release|Any CPU.Build.0 = Release|Any CPU
		{C6B37193-8266-4BC5-890D-0BF3DDE9400B}.Release|x86.ActiveCfg = Release|Any CPU
		{C6B37193-8266-4BC5-890D-0BF3DDE9400B}.Release|x86.Build.0 = Release|Any CPU
	EndGlobalSection
	GlobalSection(SolutionProperties) = preSolution
		HideSolutionNode = FALSE
	EndGlobalSection
	GlobalSection(ExtensibilityGlobals) = postSolution
		SolutionGuid = {60538689-0E44-4685-847C-CEDC6ED5F378}
	EndGlobalSection
EndGlobal
